lockfileVersion: '9.0'

settings:
  autoInstallPeers: true
  excludeLinksFromLockfile: false

importers:

  .:
    devDependencies:
      '@types/node':
        specifier: ^20.11.0
        version: 20.19.43
      oxlint:
        specifier: ^0.9.0
        version: 0.9.10
      prettier:
        specifier: ^3.2.0
        version: 3.9.6
      typescript:
        specifier: ^5.4.0
        version: 5.9.3

  packages/core:
    dependencies:
      '@vibe/shared':
        specifier: workspace:*
        version: link:../shared
    devDependencies:
      typescript:
        specifier: ^5.4.0
        version: 5.9.3

  packages/shared:
    devDependencies:
      typescript:
        specifier: ^5.4.0
        version: 5.9.3

packages:

  '@oxlint/darwin-arm64@0.9.10':
    resolution: {integrity: sha512-eOXKZYq5bnCSgDefgM5bzAg+4Fc//Rc4yjgKN8iDWUARweCaChiQXb6TXX8MfEfs6qayEMy6yVj0pqoFz0B1aw==}
    cpu: [arm64]
    os: [darwin]

  '@oxlint/darwin-x64@0.9.10':
    resolution: {integrity: sha512-UeYICDvLUaUOcY+0ugZUEmBMRLP+x8iTgL7TeY6BlpGw2ahbtUOTbyIIRWtr/0O++TnjZ+v8TzhJ9crw6Ij6dg==}
    cpu: [x64]
    os: [darwin]

  '@oxlint/linux-arm64-gnu@0.9.10':
    resolution: {integrity: sha512-0Zn+vqHhrZyufFBfq9WOgiIool0gCR14BLsdS+0Dwd9o+kNxPGA5q7erQFkiC4rpkxtfBHeD3iIKMMt7d29Kyw==}
    cpu: [arm64]
    os: [linux]

  '@oxlint/linux-arm64-musl@0.9.10':
    resolution: {integrity: sha512-tkQcWpYwF42bA/uRaV2iMFePHkBjTTgomOgeEaiw6XOSJX4nBEqGIIboqqLBWT4JnKCf/L+IG3y/e1MflhKByw==}
    cpu: [arm64]
    os: [linux]

  '@oxlint/linux-x64-gnu@0.9.10':
    resolution: {integrity: sha512-JHbkMUnibqaSMBvLHyqTL5cWxcGW+jw+Ppt2baLISpvo34a6fBR+PI7v/A92sEDWe0W1rPhypzCwA8mKpkQ3DA==}
    cpu: [x64]
    os: [linux]

  '@oxlint/linux-x64-musl@0.9.10':
    resolution: {integrity: sha512-aBBwN7bQzidwHwEXr7BAdVvMTLWstCy5gikerjLnGDeCSXX9r+o6+yUzTOqZvOo66E+XBgOJaVbY8rsL1MLE0g==}
    cpu: [x64]
    os: [linux]

  '@oxlint/win32-arm64@0.9.10':
    resolution: {integrity: sha512-LXDnk7vKHT3IY6G1jq0O7+XMhtcHOYuxLGIx4KP+4xS6vKgBY+Bsq4xV3AtmtKlvnXkP5FxHpfLmcEtm5AWysA==}
    cpu: [arm64]
    os: [win32]

  '@oxlint/win32-x64@0.9.10':
    resolution: {integrity: sha512-w5XRAV4bhgwenjjpGYZGglqzG9Wv/sI+cjQWJBQsvfDXsr2w4vOBXzt1j3/Z3EcSqf4KtkCa/IIuAhQyeShUbA==}
    cpu: [x64]
    os: [win32]

  '@types/node@20.19.43':
    resolution: {integrity: sha512-6oYBAi5ikg4Pl+kGsoYtawUMBT2zZMCvPNF7pVLnHZfd1zf38DRiWn/gT01RYCdUqkv7Fhr+C9ot4/tb+2sVvA==}

  oxlint@0.9.10:
    resolution: {integrity: sha512-bKiiFN7Hnoaist/rditTRBXz+GXKYuLd53/NB7Q6zHB/bifELJarSoRLkAUGElIJKl4PSr3lTh1g6zehh+rX0g==}
    engines: {node: '>=14.*'}
    hasBin: true

  prettier@3.9.6:
    resolution: {integrity: sha512-OpN0zzVdiaiAhxpuuj5efpIS4sY9j7bY6uR5mnj5yPzGkdkjNKSJeUThPb60Jw29QuAZgA4o+/iB49kFiaBX6g==}
    engines: {node: '>=14'}
    hasBin: true

  typescript@5.9.3:
    resolution: {integrity: sha512-jl1vZzPDinLr9eUt3J/t7V6FgNEw9QjvBPdysz9KfQDD41fQrC2Y4vKQdiaUpFT4bXlb1RHhLpp8wtm6M5TgSw==}
    engines: {node: '>=14.17'}
    hasBin: true

  undici-types@6.21.0:
    resolution: {integrity: sha512-iwDZqg0QAGrg9Rav5H4n0M64c3mkR59cJ6wQp+7C4nI0gsmExaedaYLNO44eT4AtBBwjbTiGPMlt2Md0T9H9JQ==}

snapshots:

  '@oxlint/darwin-arm64@0.9.10':
    optional: true

  '@oxlint/darwin-x64@0.9.10':
    optional: true

  '@oxlint/linux-arm64-gnu@0.9.10':
    optional: true

  '@oxlint/linux-arm64-musl@0.9.10':
    optional: true

  '@oxlint/linux-x64-gnu@0.9.10':
    optional: true

  '@oxlint/linux-x64-musl@0.9.10':
    optional: true

  '@oxlint/win32-arm64@0.9.10':
    optional: true

  '@oxlint/win32-x64@0.9.10':
    optional: true

  '@types/node@20.19.43':
    dependencies:
      undici-types: 6.21.0

  oxlint@0.9.10:
    optionalDependencies:
      '@oxlint/darwin-arm64': 0.9.10
      '@oxlint/darwin-x64': 0.9.10
      '@oxlint/linux-arm64-gnu': 0.9.10
      '@oxlint/linux-arm64-musl': 0.9.10
      '@oxlint/linux-x64-gnu': 0.9.10
      '@oxlint/linux-x64-musl': 0.9.10
      '@oxlint/win32-arm64': 0.9.10
      '@oxlint/win32-x64': 0.9.10

  prettier@3.9.6: {}

  typescript@5.9.3: {}

  undici-types@6.21.0: {}
